
Microsoft Visual Studio Solution File, Format Version 12.00
# Visual Studio Version 17
VisualStudioVersion = 17.5.33414.496
MinimumVisualStudioVersion = 10.0.40219.1
Project("{2150E333-8FDC-42A3-9474-1A3956D46DE8}") = "SQS", "SQS", "{AC9B8793-418A-415E-A815-E687FD2531FC}"
EndProject
Project("{2150E333-8FDC-42A3-9474-1A3956D46DE8}") = "SNS", "SNS", "{B129BBDF-821E-4CAC-8CC3-F34426FB5492}"
EndProject
Project("{9A19103F-16F7-4668-BE54-9A1E7A4F7556}") = "Customer.Consumer", "SQS\Customer.Consumer\Customer.Consumer.csproj", "{E91ADB8B-3924-4216-A760-D0F08F1F2594}"
EndProject
Project("{9A19103F-16F7-4668-BE54-9A1E7A4F7556}") = "Customers.Api", "SQS\Customers.Api\Customers.Api.csproj", "{0D46CD84-5D1F-41E2-86B8-F058D07367CF}"
EndProject
Project("{9A19103F-16F7-4668-BE54-9A1E7A4F7556}") = "SqsConsumer", "SQS\SqsConsumer\SqsConsumer.csproj", "{8FCDBC6B-F9FD-43D2-BC44-E7D232427027}"
EndProject
Project("{9A19103F-16F7-4668-BE54-9A1E7A4F7556}") = "SqsPublisher", "SQS\SqsPublisher\SqsPublisher.csproj", "{E9976CDB-24BE-44B7-9EBF-49A77C8BC33F}"
EndProject
Project("{9A19103F-16F7-4668-BE54-9A1E7A4F7556}") = "SnsPublisher", "SNS\SnsPublisher\SnsPublisher.csproj", "{4CA92E0C-9F2E-405D-AD09-70730BE4C058}"
EndProject
Project("{9A19103F-16F7-4668-BE54-9A1E7A4F7556}") = "SqsConsumer", "SNS\SqsConsumer\SqsConsumer.csproj", "{5FA0411E-73DC-4658-9B9F-56A988BBCEC5}"
EndProject
Project("{9A19103F-16F7-4668-BE54-9A1E7A4F7556}") = "Customers.Api", "SNS\Customers.Api\Customers.Api.csproj", "{5D35740B-A126-4CB2-B6B3-9095F4F7B5A8}"
EndProject
Project("{9A19103F-16F7-4668-BE54-9A1E7A4F7556}") = "Customer.Consumer", "SNS\Customer.Consumer\Customer.Consumer.csproj", "{8145D739-13EA-4696-B4E0-4F20C55BA575}"
EndProject
Project("{2150E333-8FDC-42A3-9474-1A3956D46DE8}") = "DynamoDB", "DynamoDB", "{E8595A71-08DA-4B29-9113-99A91A39B994}"
EndProject
Project("{9A19103F-16F7-4668-BE54-9A1E7A4F7556}") = "Customers.Api", "DynamoDB\Customers.Api\Customers.Api.csproj", "{776A442D-F35B-4F95-94D9-35201AE40237}"
EndProject
Project("{9A19103F-16F7-4668-BE54-9A1E7A4F7556}") = "Movies.Api", "DynamoDB\Movies.Api\Movies.Api.csproj", "{C5F943F4-EBC0-4E41-B372-C9FA39A5FA5C}"
EndProject
Project("{2150E333-8FDC-42A3-9474-1A3956D46DE8}") = "S3", "S3", "{0ED9CE4F-672E-408B-8034-C28ED7B61161}"
EndProject
Project("{9A19103F-16F7-4668-BE54-9A1E7A4F7556}") = "Customers.Api", "S3\Customers.Api\Customers.Api.csproj", "{D82A41FA-3278-44D7-BBDE-66C0E608F156}"
EndProject
Project("{9A19103F-16F7-4668-BE54-9A1E7A4F7556}") = "S3Playground", "S3\S3Playground\S3Playground.csproj", "{BC5D6A05-3B74-4CF7-A80D-6BE1CBEA9933}"
EndProject
Project("{2150E333-8FDC-42A3-9474-1A3956D46DE8}") = "SecretsManager", "SecretsManager", "{E63FF115-C79C-4B7E-8E1E-1148F7BCA34E}"
EndProject
Project("{9A19103F-16F7-4668-BE54-9A1E7A4F7556}") = "Weather.Api", "SecretsManager\Weather.Api\Weather.Api.csproj", "{D56094FE-8478-45B8-B2C9-526A9D099CBA}"
EndProject
Project("{9A19103F-16F7-4668-BE54-9A1E7A4F7556}") = "SecretsManager.App", "SecretsManager\SecretsManager.App\SecretsManager.App.csproj", "{D8826170-AB90-44F2-A2F9-7F84086A323C}"
EndProject
Project("{2150E333-8FDC-42A3-9474-1A3956D46DE8}") = "Lambda", "Lambda", "{ACC4C58C-A7A8-4314-A36E-32FCF8E75AA3}"
EndProject
Project("{9A19103F-16F7-4668-BE54-9A1E7A4F7556}") = "SimpleLambda", "Lambda\SimpleLambda\src\SimpleLambda\SimpleLambda.csproj", "{2DE93A79-8B01-413C-A4D4-7120F03468D4}"
EndProject
Project("{9A19103F-16F7-4668-BE54-9A1E7A4F7556}") = "SimpleHttpLambda", "Lambda\SimpleHttpLambda\src\SimpleHttpLambda\SimpleHttpLambda.csproj", "{E7F3CBDB-631F-4CA8-840B-AF0CE91E078E}"
EndProject
Project("{FAE04EC0-301F-11D3-BF4B-00C04F79EFBC}") = "SimpleSqsLambda", "Lambda\SimpleSqsLambda\src\SimpleSqsLambda\SimpleSqsLambda.csproj", "{468E0DBE-65BE-463B-8DCB-94C0CB5C48BF}"
EndProject
Project("{FAE04EC0-301F-11D3-BF4B-00C04F79EFBC}") = "SimpleSnsLambda", "Lambda\SimpleSnsLambda\src\SimpleSnsLambda\SimpleSnsLambda.csproj", "{516CF820-2588-4017-A22B-010B7D345FAC}"
EndProject
Project("{FAE04EC0-301F-11D3-BF4B-00C04F79EFBC}") = "SimpleDynamoDbLambda", "Lambda\SimpleDynamoDbLambda\src\SimpleDynamoDbLambda\SimpleDynamoDbLambda.csproj", "{C2C77047-6378-4237-B1BC-003D2D2E7E34}"
EndProject
Global
	GlobalSection(SolutionConfigurationPlatforms) = preSolution
		Debug|Any CPU = Debug|Any CPU
		Release|Any CPU = Release|Any CPU
	EndGlobalSection
	GlobalSection(ProjectConfigurationPlatforms) = postSolution
		{E91ADB8B-3924-4216-A760-D0F08F1F2594}.Debug|Any CPU.ActiveCfg = Debug|Any CPU
		{E91ADB8B-3924-4216-A760-D0F08F1F2594}.Debug|Any CPU.Build.0 = Debug|Any CPU
		{E91ADB8B-3924-4216-A760-D0F08F1F2594}.Release|Any CPU.ActiveCfg = Release|Any CPU
		{E91ADB8B-3924-4216-A760-D0F08F1F2594}.Release|Any CPU.Build.0 = Release|Any CPU
		{0D46CD84-5D1F-41E2-86B8-F058D07367CF}.Debug|Any CPU.ActiveCfg = Debug|Any CPU
		{0D46CD84-5D1F-41E2-86B8-F058D07367CF}.Debug|Any CPU.Build.0 = Debug|Any CPU
		{0D46CD84-5D1F-41E2-86B8-F058D07367CF}.Release|Any CPU.ActiveCfg = Release|Any CPU
		{0D46CD84-5D1F-41E2-86B8-F058D07367CF}.Release|Any CPU.Build.0 = Release|Any CPU
		{8FCDBC6B-F9FD-43D2-BC44-E7D232427027}.Debug|Any CPU.ActiveCfg = Debug|Any CPU
		{8FCDBC6B-F9FD-43D2-BC44-E7D232427027}.Debug|Any CPU.Build.0 = Debug|Any CPU
		{8FCDBC6B-F9FD-43D2-BC44-E7D232427027}.Release|Any CPU.ActiveCfg = Release|Any CPU
		{8FCDBC6B-F9FD-43D2-BC44-E7D232427027}.Release|Any CPU.Build.0 = Release|Any CPU
		{E9976CDB-24BE-44B7-9EBF-49A77C8BC33F}.Debug|Any CPU.ActiveCfg = Debug|Any CPU
		{E9976CDB-24BE-44B7-9EBF-49A77C8BC33F}.Debug|Any CPU.Build.0 = Debug|Any CPU
		{E9976CDB-24BE-44B7-9EBF-49A77C8BC33F}.Release|Any CPU.ActiveCfg = Release|Any CPU
		{E9976CDB-24BE-44B7-9EBF-49A77C8BC33F}.Release|Any CPU.Build.0 = Release|Any CPU
		{4CA92E0C-9F2E-405D-AD09-70730BE4C058}.Debug|Any CPU.ActiveCfg = Debug|Any CPU
		{4CA92E0C-9F2E-405D-AD09-70730BE4C058}.Debug|Any CPU.Build.0 = Debug|Any CPU
		{4CA92E0C-9F2E-405D-AD09-70730BE4C058}.Release|Any CPU.ActiveCfg = Release|Any CPU
		{4CA92E0C-9F2E-405D-AD09-70730BE4C058}.Release|Any CPU.Build.0 = Release|Any CPU
		{5FA0411E-73DC-4658-9B9F-56A988BBCEC5}.Debug|Any CPU.ActiveCfg = Debug|Any CPU
		{5FA0411E-73DC-4658-9B9F-56A988BBCEC5}.Debug|Any CPU.Build.0 = Debug|Any CPU
		{5FA0411E-73DC-4658-9B9F-56A988BBCEC5}.Release|Any CPU.ActiveCfg = Release|Any CPU
		{5FA0411E-73DC-4658-9B9F-56A988BBCEC5}.Release|Any CPU.Build.0 = Release|Any CPU
		{5D35740B-A126-4CB2-B6B3-9095F4F7B5A8}.Debug|Any CPU.ActiveCfg = Debug|Any CPU
		{5D35740B-A126-4CB2-B6B3-9095F4F7B5A8}.Debug|Any CPU.Build.0 = Debug|Any CPU
		{5D35740B-A126-4CB2-B6B3-9095F4F7B5A8}.Release|Any CPU.ActiveCfg = Release|Any CPU
		{5D35740B-A126-4CB2-B6B3-9095F4F7B5A8}.Release|Any CPU.Build.0 = Release|Any CPU
		{8145D739-13EA-4696-B4E0-4F20C55BA575}.Debug|Any CPU.ActiveCfg = Debug|Any CPU
		{8145D739-13EA-4696-B4E0-4F20C55BA575}.Debug|Any CPU.Build.0 = Debug|Any CPU
		{8145D739-13EA-4696-B4E0-4F20C55BA575}.Release|Any CPU.ActiveCfg = Release|Any CPU
		{8145D739-13EA-4696-B4E0-4F20C55BA575}.Release|Any CPU.Build.0 = Release|Any CPU
		{776A442D-F35B-4F95-94D9-35201AE40237}.Debug|Any CPU.ActiveCfg = Debug|Any CPU
		{776A442D-F35B-4F95-94D9-35201AE40237}.Debug|Any CPU.Build.0 = Debug|Any CPU
		{776A442D-F35B-4F95-94D9-35201AE40237}.Release|Any CPU.ActiveCfg = Release|Any CPU
		{776A442D-F35B-4F95-94D9-35201AE40237}.Release|Any CPU.Build.0 = Release|Any CPU
		{C5F943F4-EBC0-4E41-B372-C9FA39A5FA5C}.Debug|Any CPU.ActiveCfg = Debug|Any CPU
		{C5F943F4-EBC0-4E41-B372-C9FA39A5FA5C}.Debug|Any CPU.Build.0 = Debug|Any CPU
		{C5F943F4-EBC0-4E41-B372-C9FA39A5FA5C}.Release|Any CPU.ActiveCfg = Release|Any CPU
		{C5F943F4-EBC0-4E41-B372-C9FA39A5FA5C}.Release|Any CPU.Build.0 = Release|Any CPU
		{D82A41FA-3278-44D7-BBDE-66C0E608F156}.Debug|Any CPU.ActiveCfg = Debug|Any CPU
		{D82A41FA-3278-44D7-BBDE-66C0E608F156}.Debug|Any CPU.Build.0 = Debug|Any CPU
		{D82A41FA-3278-44D7-BBDE-66C0E608F156}.Release|Any CPU.ActiveCfg = Release|Any CPU
		{D82A41FA-3278-44D7-BBDE-66C0E608F156}.Release|Any CPU.Build.0 = Release|Any CPU
		{BC5D6A05-3B74-4CF7-A80D-6BE1CBEA9933}.Debug|Any CPU.ActiveCfg = Debug|Any CPU
		{BC5D6A05-3B74-4CF7-A80D-6BE1CBEA9933}.Debug|Any CPU.Build.0 = Debug|Any CPU
		{BC5D6A05-3B74-4CF7-A80D-6BE1CBEA9933}.Release|Any CPU.ActiveCfg = Release|Any CPU
		{BC5D6A05-3B74-4CF7-A80D-6BE1CBEA9933}.Release|Any CPU.Build.0 = Release|Any CPU
		{D56094FE-8478-45B8-B2C9-526A9D099CBA}.Debug|Any CPU.ActiveCfg = Debug|Any CPU
		{D56094FE-8478-45B8-B2C9-526A9D099CBA}.Debug|Any CPU.Build.0 = Debug|Any CPU
		{D56094FE-8478-45B8-B2C9-526A9D099CBA}.Release|Any CPU.ActiveCfg = Release|Any CPU
		{D56094FE-8478-45B8-B2C9-526A9D099CBA}.Release|Any CPU.Build.0 = Release|Any CPU
		{D8826170-AB90-44F2-A2F9-7F84086A323C}.Debug|Any CPU.ActiveCfg = Debug|Any CPU
		{D8826170-AB90-44F2-A2F9-7F84086A323C}.Debug|Any CPU.Build.0 = Debug|Any CPU
		{D8826170-AB90-44F2-A2F9-7F84086A323C}.Release|Any CPU.ActiveCfg = Release|Any CPU
		{D8826170-AB90-44F2-A2F9-7F84086A323C}.Release|Any CPU.Build.0 = Release|Any CPU
		{2DE93A79-8B01-413C-A4D4-7120F03468D4}.Debug|Any CPU.ActiveCfg = Debug|Any CPU
		{2DE93A79-8B01-413C-A4D4-7120F03468D4}.Debug|Any CPU.Build.0 = Debug|Any CPU
		{2DE93A79-8B01-413C-A4D4-7120F03468D4}.Release|Any CPU.ActiveCfg = Release|Any CPU
		{2DE93A79-8B01-413C-A4D4-7120F03468D4}.Release|Any CPU.Build.0 = Release|Any CPU
		{E7F3CBDB-631F-4CA8-840B-AF0CE91E078E}.Debug|Any CPU.ActiveCfg = Debug|Any CPU
		{E7F3CBDB-631F-4CA8-840B-AF0CE91E078E}.Debug|Any CPU.Build.0 = Debug|Any CPU
		{E7F3CBDB-631F-4CA8-840B-AF0CE91E078E}.Release|Any CPU.ActiveCfg = Release|Any CPU
		{E7F3CBDB-631F-4CA8-840B-AF0CE91E078E}.Release|Any CPU.Build.0 = Release|Any CPU
		{468E0DBE-65BE-463B-8DCB-94C0CB5C48BF}.Debug|Any CPU.ActiveCfg = Debug|Any CPU
		{468E0DBE-65BE-463B-8DCB-94C0CB5C48BF}.Debug|Any CPU.Build.0 = Debug|Any CPU
		{468E0DBE-65BE-463B-8DCB-94C0CB5C48BF}.Release|Any CPU.ActiveCfg = Release|Any CPU
		{468E0DBE-65BE-463B-8DCB-94C0CB5C48BF}.Release|Any CPU.Build.0 = Release|Any CPU
		{516CF820-2588-4017-A22B-010B7D345FAC}.Debug|Any CPU.ActiveCfg = Debug|Any CPU
		{516CF820-2588-4017-A22B-010B7D345FAC}.Debug|Any CPU.Build.0 = Debug|Any CPU
		{516CF820-2588-4017-A22B-010B7D345FAC}.Release|Any CPU.ActiveCfg = Release|Any CPU
		{516CF820-2588-4017-A22B-010B7D345FAC}.Release|Any CPU.Build.0 = Release|Any CPU
		{C2C77047-6378-4237-B1BC-003D2D2E7E34}.Debug|Any CPU.ActiveCfg = Debug|Any CPU
		{C2C77047-6378-4237-B1BC-003D2D2E7E34}.Debug|Any CPU.Build.0 = Debug|Any CPU
		{C2C77047-6378-4237-B1BC-003D2D2E7E34}.Release|Any CPU.ActiveCfg = Release|Any CPU
		{C2C77047-6378-4237-B1BC-003D2D2E7E34}.Release|Any CPU.Build.0 = Release|Any CPU
	EndGlobalSection
	GlobalSection(SolutionProperties) = preSolution
		HideSolutionNode = FALSE
	EndGlobalSection
	GlobalSection(NestedProjects) = preSolution
		{E91ADB8B-3924-4216-A760-D0F08F1F2594} = {AC9B8793-418A-415E-A815-E687FD2531FC}
		{0D46CD84-5D1F-41E2-86B8-F058D07367CF} = {AC9B8793-418A-415E-A815-E687FD2531FC}
		{8FCDBC6B-F9FD-43D2-BC44-E7D232427027} = {AC9B8793-418A-415E-A815-E687FD2531FC}
		{E9976CDB-24BE-44B7-9EBF-49A77C8BC33F} = {AC9B8793-418A-415E-A815-E687FD2531FC}
		{4CA92E0C-9F2E-405D-AD09-70730BE4C058} = {B129BBDF-821E-4CAC-8CC3-F34426FB5492}
		{5FA0411E-73DC-4658-9B9F-56A988BBCEC5} = {B129BBDF-821E-4CAC-8CC3-F34426FB5492}
		{5D35740B-A126-4CB2-B6B3-9095F4F7B5A8} = {B129BBDF-821E-4CAC-8CC3-F34426FB5492}
		{8145D739-13EA-4696-B4E0-4F20C55BA575} = {B129BBDF-821E-4CAC-8CC3-F34426FB5492}
		{776A442D-F35B-4F95-94D9-35201AE40237} = {E8595A71-08DA-4B29-9113-99A91A39B994}
		{C5F943F4-EBC0-4E41-B372-C9FA39A5FA5C} = {E8595A71-08DA-4B29-9113-99A91A39B994}
		{D82A41FA-3278-44D7-BBDE-66C0E608F156} = {0ED9CE4F-672E-408B-8034-C28ED7B61161}
		{BC5D6A05-3B74-4CF7-A80D-6BE1CBEA9933} = {0ED9CE4F-672E-408B-8034-C28ED7B61161}
		{D56094FE-8478-45B8-B2C9-526A9D099CBA} = {E63FF115-C79C-4B7E-8E1E-1148F7BCA34E}
		{D8826170-AB90-44F2-A2F9-7F84086A323C} = {E63FF115-C79C-4B7E-8E1E-1148F7BCA34E}
		{2DE93A79-8B01-413C-A4D4-7120F03468D4} = {ACC4C58C-A7A8-4314-A36E-32FCF8E75AA3}
		{E7F3CBDB-631F-4CA8-840B-AF0CE91E078E} = {ACC4C58C-A7A8-4314-A36E-32FCF8E75AA3}
		{468E0DBE-65BE-463B-8DCB-94C0CB5C48BF} = {ACC4C58C-A7A8-4314-A36E-32FCF8E75AA3}
		{516CF820-2588-4017-A22B-010B7D345FAC} = {ACC4C58C-A7A8-4314-A36E-32FCF8E75AA3}
		{C2C77047-6378-4237-B1BC-003D2D2E7E34} = {ACC4C58C-A7A8-4314-A36E-32FCF8E75AA3}
	EndGlobalSection
	GlobalSection(ExtensibilityGlobals) = postSolution
		SolutionGuid = {1E2E0F5D-C87F-4376-93B9-D06B1D2EFC5D}
	EndGlobalSection
EndGlobal
